{
  "name": "pheditor",
  "lockfileVersion": 3,
  "requires": true,
  "packages": {
    "": {
      "dependencies": {
        "@fortawesome/fontawesome-free": "^7.2.0",
        "bootstrap": "^5.3.8",
        "codemirror": "^5.65.21",
        "izitoast": "^1.4.0",
        "jquery": "^3.7.1",
        "js-sha512": "^0.9.0",
        "jstree": "^3.3.17"
      }
    },
    "node_modules/@fortawesome/fontawesome-free": {
      "version": "7.2.0",
      "resolved": "https://registry.npmjs.org/@fortawesome/fontawesome-free/-/fontawesome-free-7.2.0.tgz",
      "integrity": "sha512-3DguDv/oUE+7vjMeTSOjCSG+KeawgVQOHrKRnvUuqYh1mfArrh7s+s8hXW3e4RerBA1+Wh+hBqf8sJNpqNrBWg==",
      "license": "(CC-BY-4.0 AND OFL-1.1 AND MIT)",
      "engines": {
        "node": ">=6"
      }
    },
    "node_modules/@popperjs/core": {
      "version": "2.11.8",
      "resolved": "https://registry.npmjs.org/@popperjs/core/-/core-2.11.8.tgz",
      "integrity": "sha512-P1st0aksCrn9sGZhp8GMYwBnQsbvAWsZAX44oXNNvLHGqAOcoVxmjZiohstwQ7SqKnbR47akdNi+uleWD8+g6A==",
      "license": "MIT",
      "peer": true,
      "funding": {
        "type": "opencollective",
        "url": "https://opencollective.com/popperjs"
      }
    },
    "node_modules/bootstrap": {
      "version": "5.3.8",
      "resolved": "https://registry.npmjs.org/bootstrap/-/bootstrap-5.3.8.tgz",
      "integrity": "sha512-HP1SZDqaLDPwsNiqRqi5NcP0SSXciX2s9E+RyqJIIqGo+vJeN5AJVM98CXmW/Wux0nQ5L7jeWUdplCEf0Ee+tg==",
      "funding": [
        {
          "type": "github",
          "url": "https://github.com/sponsors/twbs"
        },
        {
          "type": "opencollective",
          "url": "https://opencollective.com/bootstrap"
        }
      ],
      "license": "MIT",
      "peerDependencies": {
        "@popperjs/core": "^2.11.8"
      }
    },
    "node_modules/codemirror": {
      "version": "5.65.21",
      "resolved": "https://registry.npmjs.org/codemirror/-/codemirror-5.65.21.tgz",
      "integrity": "sha512-6teYk0bA0nR3QP0ihGMoxuKzpl5W80FpnHpBJpgy66NK3cZv5b/d/HY8PnRvfSsCG1MTfr92u2WUl+wT0E40mQ==",
      "license": "MIT"
    },
    "node_modules/izitoast": {
      "version": "1.4.0",
      "resolved": "https://registry.npmjs.org/izitoast/-/izitoast-1.4.0.tgz",
      "integrity": "sha512-Oc1X2wiQtPp39i5VpIjf3GJf5sfCtHKXZ5szx7RareyEeFLUlcEW0FSfBni28+Ul6KNKZRKzhVuWzSP4Xngh0w==",
      "license": "Apache-2.0"
    },
    "node_modules/jquery": {
      "version": "3.7.1",
      "resolved": "https://registry.npmjs.org/jquery/-/jquery-3.7.1.tgz",
      "integrity": "sha512-m4avr8yL8kmFN8psrbFFFmB/If14iN5o9nw/NgnnM+kybDJpRsAynV2BsfpTYrTRysYUdADVD7CkUUizgkpLfg==",
      "license": "MIT"
    },
    "node_modules/js-sha512": {
      "version": "0.9.0",
      "resolved": "https://registry.npmjs.org/js-sha512/-/js-sha512-0.9.0.tgz",
      "integrity": "sha512-mirki9WS/SUahm+1TbAPkqvbCiCfOAAsyXeHxK1UkullnJVVqoJG2pL9ObvT05CN+tM7fxhfYm0NbXn+1hWoZg==",
      "license": "MIT"
    },
    "node_modules/jstree": {
      "version": "3.3.17",
      "resolved": "https://registry.npmjs.org/jstree/-/jstree-3.3.17.tgz",
      "integrity": "sha512-V0Pl1B6BIaxHUQMiWkol37QlhlBKoZA9RUeUmm95+UnV2QeZsj2QP1sOQl/m2EIOyZXOOxOHvR0SYZLSDC7EFw==",
      "license": "MIT",
      "dependencies": {
        "jquery": "^3.5.0"
      }
    }
  }
}
